
Microsoft Visual Studio Solution File, Format Version 12.00
# Visual Studio Version 16
VisualStudioVersion = 16.0.29806.167
MinimumVisualStudioVersion = 10.0.40219.1
Project("{9A19103F-16F7-4668-BE54-9A1E7A4F7556}") = "AppInsightsDemoWebSite", "AppInsightsDemoWebSite\AppInsightsDemoWebSite.csproj", "{655B608C-6E36-4DDC-8052-3C25368D0530}"
EndProject
Global
	GlobalSection(SolutionConfigurationPlatforms) = preSolution
		Debug|Any CPU = Debug|Any CPU
		Release|Any CPU = Release|Any CPU
	EndGlobalSection
	GlobalSection(ProjectConfigurationPlatforms) = postSolution
		{655B608C-6E36-4DDC-8052-3C25368D0530}.Debug|Any CPU.ActiveCfg = Debug|Any CPU
		{655B608C-6E36-4DDC-8052-3C25368D0530}.Debug|Any CPU.Build.0 = Debug|Any CPU
		{655B608C-6E36-4DDC-8052-3C25368D0530}.Release|Any CPU.ActiveCfg = Release|Any CPU
		{655B608C-6E36-4DDC-8052-3C25368D0530}.Release|Any CPU.Build.0 = Release|Any CPU
	EndGlobalSection
	GlobalSection(SolutionProperties) = preSolution
		HideSolutionNode = FALSE
	EndGlobalSection
	GlobalSection(ExtensibilityGlobals) = postSolution
		SolutionGuid = {84748AEF-6C6B-466C-A017-9072B646D1D2}
	EndGlobalSection
EndGlobal
