
Microsoft Visual Studio Solution File, Format Version 12.00
# Visual Studio Version 17
VisualStudioVersion = 17.6.33801.468
MinimumVisualStudioVersion = 10.0.40219.1
Project("{8BC9CEB8-8B4A-11D0-8D11-00A0C91BC942}") = "CppCharPointerDemo", "CppCharPointerDemo.vcxproj", "{024D8826-FFAD-46DB-ACA2-3785F5220BA2}"
EndProject
Global
	GlobalSection(SolutionConfigurationPlatforms) = preSolution
		Debug|x64 = Debug|x64
		Debug|x86 = Debug|x86
		Release|x64 = Release|x64
		Release|x86 = Release|x86
	EndGlobalSection
	GlobalSection(ProjectConfigurationPlatforms) = postSolution
		{024D8826-FFAD-46DB-ACA2-3785F5220BA2}.Debug|x64.ActiveCfg = Debug|x64
		{024D8826-FFAD-46DB-ACA2-3785F5220BA2}.Debug|x64.Build.0 = Debug|x64
		{024D8826-FFAD-46DB-ACA2-3785F5220BA2}.Debug|x86.ActiveCfg = Debug|Win32
		{024D8826-FFAD-46DB-ACA2-3785F5220BA2}.Debug|x86.Build.0 = Debug|Win32
		{024D8826-FFAD-46DB-ACA2-3785F5220BA2}.Release|x64.ActiveCfg = Release|x64
		{024D8826-FFAD-46DB-ACA2-3785F5220BA2}.Release|x64.Build.0 = Release|x64
		{024D8826-FFAD-46DB-ACA2-3785F5220BA2}.Release|x86.ActiveCfg = Release|Win32
		{024D8826-FFAD-46DB-ACA2-3785F5220BA2}.Release|x86.Build.0 = Release|Win32
	EndGlobalSection
	GlobalSection(SolutionProperties) = preSolution
		HideSolutionNode = FALSE
	EndGlobalSection
	GlobalSection(ExtensibilityGlobals) = postSolution
		SolutionGuid = {77AE75E0-8725-41EA-951F-3E21FBBF25FF}
	EndGlobalSection
EndGlobal
