
Microsoft Visual Studio Solution File, Format Version 12.00
# Visual Studio Version 16
VisualStudioVersion = 16.0.31424.327
MinimumVisualStudioVersion = 10.0.40219.1
Project("{9A19103F-16F7-4668-BE54-9A1E7A4F7556}") = "VideoAdmin", "VideoAdmin\VideoAdmin.csproj", "{AC034948-4D20-4ED6-B4C3-DEE539C4E905}"
EndProject
Project("{FAE04EC0-301F-11D3-BF4B-00C04F79EFBC}") = "Uploader", "Uploader\Uploader.csproj", "{B7E2001C-9F81-49B4-B00B-97380058C3D8}"
EndProject
Global
	GlobalSection(SolutionConfigurationPlatforms) = preSolution
		Debug|Any CPU = Debug|Any CPU
		Release|Any CPU = Release|Any CPU
	EndGlobalSection
	GlobalSection(ProjectConfigurationPlatforms) = postSolution
		{AC034948-4D20-4ED6-B4C3-DEE539C4E905}.Debug|Any CPU.ActiveCfg = Debug|Any CPU
		{AC034948-4D20-4ED6-B4C3-DEE539C4E905}.Debug|Any CPU.Build.0 = Debug|Any CPU
		{AC034948-4D20-4ED6-B4C3-DEE539C4E905}.Release|Any CPU.ActiveCfg = Release|Any CPU
		{AC034948-4D20-4ED6-B4C3-DEE539C4E905}.Release|Any CPU.Build.0 = Release|Any CPU
		{B7E2001C-9F81-49B4-B00B-97380058C3D8}.Debug|Any CPU.ActiveCfg = Debug|Any CPU
		{B7E2001C-9F81-49B4-B00B-97380058C3D8}.Debug|Any CPU.Build.0 = Debug|Any CPU
		{B7E2001C-9F81-49B4-B00B-97380058C3D8}.Release|Any CPU.ActiveCfg = Release|Any CPU
		{B7E2001C-9F81-49B4-B00B-97380058C3D8}.Release|Any CPU.Build.0 = Release|Any CPU
	EndGlobalSection
	GlobalSection(SolutionProperties) = preSolution
		HideSolutionNode = FALSE
	EndGlobalSection
	GlobalSection(ExtensibilityGlobals) = postSolution
		SolutionGuid = {EACEDA9A-C334-4274-9E60-6089D65EEE56}
	EndGlobalSection
EndGlobal
