
Microsoft Visual Studio Solution File, Format Version 12.00
# Visual Studio Version 16
VisualStudioVersion = 16.0.29806.167
MinimumVisualStudioVersion = 10.0.40219.1
Project("{FAE04EC0-301F-11D3-BF4B-00C04F79EFBC}") = "NetCoreBackgroundService", "NetCoreBackgroundService\NetCoreBackgroundService.csproj", "{8C9CFDAE-316D-4B5A-93A8-E87F271C669E}"
EndProject
Global
	GlobalSection(SolutionConfigurationPlatforms) = preSolution
		Debug|Any CPU = Debug|Any CPU
		Release|Any CPU = Release|Any CPU
	EndGlobalSection
	GlobalSection(ProjectConfigurationPlatforms) = postSolution
		{8C9CFDAE-316D-4B5A-93A8-E87F271C669E}.Debug|Any CPU.ActiveCfg = Debug|Any CPU
		{8C9CFDAE-316D-4B5A-93A8-E87F271C669E}.Debug|Any CPU.Build.0 = Debug|Any CPU
		{8C9CFDAE-316D-4B5A-93A8-E87F271C669E}.Release|Any CPU.ActiveCfg = Release|Any CPU
		{8C9CFDAE-316D-4B5A-93A8-E87F271C669E}.Release|Any CPU.Build.0 = Release|Any CPU
	EndGlobalSection
	GlobalSection(SolutionProperties) = preSolution
		HideSolutionNode = FALSE
	EndGlobalSection
	GlobalSection(ExtensibilityGlobals) = postSolution
		SolutionGuid = {E537140B-B387-4801-8E77-AABD89DCA558}
	EndGlobalSection
EndGlobal
